
Microsoft Visual Studio Solution File, Format Version 12.00
# Visual Studio 15
VisualStudioVersion = 15.0.28307.168
MinimumVisualStudioVersion = 10.0.40219.1
Project("{FAE04EC0-301F-11D3-BF4B-00C04F79EFBC}") = "MealRater.WebMVC", "MealRater.WebMVC\MealRater.WebMVC.csproj", "{6BDFFFD4-D99C-46D1-9374-48522B0EDF5B}"
EndProject
Project("{FAE04EC0-301F-11D3-BF4B-00C04F79EFBC}") = "MealRater.Data", "MealRater.Data\MealRater.Data.csproj", "{CCB174CC-2CDE-420D-A740-80C2C3686DB0}"
EndProject
Project("{FAE04EC0-301F-11D3-BF4B-00C04F79EFBC}") = "MealRater.Models", "MealRater.Models\MealRater.Models.csproj", "{BA98D4B2-DAF3-4D00-85BD-C030450F1D04}"
EndProject
Project("{FAE04EC0-301F-11D3-BF4B-00C04F79EFBC}") = "MealRater.Contracts", "MealRater.Contracts\MealRater.Contracts.csproj", "{FC9D3B8D-267A-4A92-B2C8-C818F54888E6}"
EndProject
Project("{FAE04EC0-301F-11D3-BF4B-00C04F79EFBC}") = "MealRater.Services", "MealRater.Services\MealRater.Services.csproj", "{24DB5A4F-B180-46C3-B17A-592FD18B5110}"
EndProject
Global
	GlobalSection(SolutionConfigurationPlatforms) = preSolution
		Debug|Any CPU = Debug|Any CPU
		Release|Any CPU = Release|Any CPU
	EndGlobalSection
	GlobalSection(ProjectConfigurationPlatforms) = postSolution
		{6BDFFFD4-D99C-46D1-9374-48522B0EDF5B}.Debug|Any CPU.ActiveCfg = Debug|Any CPU
		{6BDFFFD4-D99C-46D1-9374-48522B0EDF5B}.Debug|Any CPU.Build.0 = Debug|Any CPU
		{6BDFFFD4-D99C-46D1-9374-48522B0EDF5B}.Release|Any CPU.ActiveCfg = Release|Any CPU
		{6BDFFFD4-D99C-46D1-9374-48522B0EDF5B}.Release|Any CPU.Build.0 = Release|Any CPU
		{CCB174CC-2CDE-420D-A740-80C2C3686DB0}.Debug|Any CPU.ActiveCfg = Debug|Any CPU
		{CCB174CC-2CDE-420D-A740-80C2C3686DB0}.Debug|Any CPU.Build.0 = Debug|Any CPU
		{CCB174CC-2CDE-420D-A740-80C2C3686DB0}.Release|Any CPU.ActiveCfg = Release|Any CPU
		{CCB174CC-2CDE-420D-A740-80C2C3686DB0}.Release|Any CPU.Build.0 = Release|Any CPU
		{BA98D4B2-DAF3-4D00-85BD-C030450F1D04}.Debug|Any CPU.ActiveCfg = Debug|Any CPU
		{BA98D4B2-DAF3-4D00-85BD-C030450F1D04}.Debug|Any CPU.Build.0 = Debug|Any CPU
		{BA98D4B2-DAF3-4D00-85BD-C030450F1D04}.Release|Any CPU.ActiveCfg = Release|Any CPU
		{BA98D4B2-DAF3-4D00-85BD-C030450F1D04}.Release|Any CPU.Build.0 = Release|Any CPU
		{FC9D3B8D-267A-4A92-B2C8-C818F54888E6}.Debug|Any CPU.ActiveCfg = Debug|Any CPU
		{FC9D3B8D-267A-4A92-B2C8-C818F54888E6}.Debug|Any CPU.Build.0 = Debug|Any CPU
		{FC9D3B8D-267A-4A92-B2C8-C818F54888E6}.Release|Any CPU.ActiveCfg = Release|Any CPU
		{FC9D3B8D-267A-4A92-B2C8-C818F54888E6}.Release|Any CPU.Build.0 = Release|Any CPU
		{24DB5A4F-B180-46C3-B17A-592FD18B5110}.Debug|Any CPU.ActiveCfg = Debug|Any CPU
		{24DB5A4F-B180-46C3-B17A-592FD18B5110}.Debug|Any CPU.Build.0 = Debug|Any CPU
		{24DB5A4F-B180-46C3-B17A-592FD18B5110}.Release|Any CPU.ActiveCfg = Release|Any CPU
		{24DB5A4F-B180-46C3-B17A-592FD18B5110}.Release|Any CPU.Build.0 = Release|Any CPU
	EndGlobalSection
	GlobalSection(SolutionProperties) = preSolution
		HideSolutionNode = FALSE
	EndGlobalSection
	GlobalSection(ExtensibilityGlobals) = postSolution
		SolutionGuid = {7D0E0066-B8FC-4614-9BCD-59AD42CBCD08}
	EndGlobalSection
EndGlobal
